
Microsoft Visual Studio Solution File, Format Version 12.00
# Visual Studio 15
VisualStudioVersion = 15.0.28307.757
MinimumVisualStudioVersion = 10.0.40219.1
Project("{8BC9CEB8-8B4A-11D0-8D11-00A0C91BC942}") = "ForwardList", "ForwardList\ForwardList.vcxproj", "{B2AFF98A-7264-4061-A3FD-52EBE6202BC0}"
EndProject
Project("{8BC9CEB8-8B4A-11D0-8D11-00A0C91BC942}") = "List", "List\List.vcxproj", "{7FDE0C3A-35AC-4C6C-80C8-373656D870BD}"
EndProject
Global
	GlobalSection(SolutionConfigurationPlatforms) = preSolution
		Debug|x64 = Debug|x64
		Debug|x86 = Debug|x86
		Release|x64 = Release|x64
		Release|x86 = Release|x86
	EndGlobalSection
	GlobalSection(ProjectConfigurationPlatforms) = postSolution
		{B2AFF98A-7264-4061-A3FD-52EBE6202BC0}.Debug|x64.ActiveCfg = Debug|x64
		{B2AFF98A-7264-4061-A3FD-52EBE6202BC0}.Debug|x64.Build.0 = Debug|x64
		{B2AFF98A-7264-4061-A3FD-52EBE6202BC0}.Debug|x86.ActiveCfg = Debug|Win32
		{B2AFF98A-7264-4061-A3FD-52EBE6202BC0}.Debug|x86.Build.0 = Debug|Win32
		{B2AFF98A-7264-4061-A3FD-52EBE6202BC0}.Release|x64.ActiveCfg = Release|x64
		{B2AFF98A-7264-4061-A3FD-52EBE6202BC0}.Release|x64.Build.0 = Release|x64
		{B2AFF98A-7264-4061-A3FD-52EBE6202BC0}.Release|x86.ActiveCfg = Release|Win32
		{B2AFF98A-7264-4061-A3FD-52EBE6202BC0}.Release|x86.Build.0 = Release|Win32
		{7FDE0C3A-35AC-4C6C-80C8-373656D870BD}.Debug|x64.ActiveCfg = Debug|x64
		{7FDE0C3A-35AC-4C6C-80C8-373656D870BD}.Debug|x64.Build.0 = Debug|x64
		{7FDE0C3A-35AC-4C6C-80C8-373656D870BD}.Debug|x86.ActiveCfg = Debug|Win32
		{7FDE0C3A-35AC-4C6C-80C8-373656D870BD}.Debug|x86.Build.0 = Debug|Win32
		{7FDE0C3A-35AC-4C6C-80C8-373656D870BD}.Release|x64.ActiveCfg = Release|x64
		{7FDE0C3A-35AC-4C6C-80C8-373656D870BD}.Release|x64.Build.0 = Release|x64
		{7FDE0C3A-35AC-4C6C-80C8-373656D870BD}.Release|x86.ActiveCfg = Release|Win32
		{7FDE0C3A-35AC-4C6C-80C8-373656D870BD}.Release|x86.Build.0 = Release|Win32
	EndGlobalSection
	GlobalSection(SolutionProperties) = preSolution
		HideSolutionNode = FALSE
	EndGlobalSection
	GlobalSection(ExtensibilityGlobals) = postSolution
		SolutionGuid = {D521AB20-BFA7-46D3-B451-FEA611E538BF}
	EndGlobalSection
EndGlobal
