
Microsoft Visual Studio Solution File, Format Version 12.00
# Visual Studio 15
VisualStudioVersion = 15.0.28307.757
MinimumVisualStudioVersion = 10.0.40219.1
Project("{8BC9CEB8-8B4A-11D0-8D11-00A0C91BC942}") = "Inheritance", "Inheritance\Inheritance.vcxproj", "{5A42306E-B199-4777-A84A-B9EA7B069995}"
EndProject
Project("{8BC9CEB8-8B4A-11D0-8D11-00A0C91BC942}") = "Accademy", "Accademy\Accademy.vcxproj", "{6C6AE781-4A55-48B8-B63E-4EFCAB0BAC97}"
EndProject
Global
	GlobalSection(SolutionConfigurationPlatforms) = preSolution
		Debug|x64 = Debug|x64
		Debug|x86 = Debug|x86
		Release|x64 = Release|x64
		Release|x86 = Release|x86
	EndGlobalSection
	GlobalSection(ProjectConfigurationPlatforms) = postSolution
		{5A42306E-B199-4777-A84A-B9EA7B069995}.Debug|x64.ActiveCfg = Debug|x64
		{5A42306E-B199-4777-A84A-B9EA7B069995}.Debug|x64.Build.0 = Debug|x64
		{5A42306E-B199-4777-A84A-B9EA7B069995}.Debug|x86.ActiveCfg = Debug|Win32
		{5A42306E-B199-4777-A84A-B9EA7B069995}.Debug|x86.Build.0 = Debug|Win32
		{5A42306E-B199-4777-A84A-B9EA7B069995}.Release|x64.ActiveCfg = Release|x64
		{5A42306E-B199-4777-A84A-B9EA7B069995}.Release|x64.Build.0 = Release|x64
		{5A42306E-B199-4777-A84A-B9EA7B069995}.Release|x86.ActiveCfg = Release|Win32
		{5A42306E-B199-4777-A84A-B9EA7B069995}.Release|x86.Build.0 = Release|Win32
		{6C6AE781-4A55-48B8-B63E-4EFCAB0BAC97}.Debug|x64.ActiveCfg = Debug|x64
		{6C6AE781-4A55-48B8-B63E-4EFCAB0BAC97}.Debug|x64.Build.0 = Debug|x64
		{6C6AE781-4A55-48B8-B63E-4EFCAB0BAC97}.Debug|x86.ActiveCfg = Debug|Win32
		{6C6AE781-4A55-48B8-B63E-4EFCAB0BAC97}.Debug|x86.Build.0 = Debug|Win32
		{6C6AE781-4A55-48B8-B63E-4EFCAB0BAC97}.Release|x64.ActiveCfg = Release|x64
		{6C6AE781-4A55-48B8-B63E-4EFCAB0BAC97}.Release|x64.Build.0 = Release|x64
		{6C6AE781-4A55-48B8-B63E-4EFCAB0BAC97}.Release|x86.ActiveCfg = Release|Win32
		{6C6AE781-4A55-48B8-B63E-4EFCAB0BAC97}.Release|x86.Build.0 = Release|Win32
	EndGlobalSection
	GlobalSection(SolutionProperties) = preSolution
		HideSolutionNode = FALSE
	EndGlobalSection
	GlobalSection(ExtensibilityGlobals) = postSolution
		SolutionGuid = {0F5F2DF2-3120-4569-A05B-F81F2116D6B8}
	EndGlobalSection
EndGlobal
